
Microsoft Visual Studio Solution File, Format Version 12.00
# Visual Studio 15
VisualStudioVersion = 15.0.26430.14
MinimumVisualStudioVersion = 10.0.40219.1
Project("{FAE04EC0-301F-11D3-BF4B-00C04F79EFBC}") = "WebApplication", "WebApplication\WebApplication.csproj", "{25A9EB37-5983-4065-A5F2-1A538B20F6E0}"
EndProject
Project("{00D1A9C2-B5F0-4AF3-8072-F6C62B433612}") = "WebApplicationDb", "WebApplicationDb\WebApplicationDb.sqlproj", "{92D41149-4682-4A19-850F-053A64A82D53}"
EndProject
Project("{FAE04EC0-301F-11D3-BF4B-00C04F79EFBC}") = "SecurityLibrary", "SecurityLibrary\SecurityLibrary.csproj", "{400C12F0-9B76-43C0-BBBE-EB0A54005489}"
EndProject
Project("{FAE04EC0-301F-11D3-BF4B-00C04F79EFBC}") = "Repositories", "Repositories\Repositories.csproj", "{83AB27F6-4858-42C3-B31D-1164F0142DD5}"
EndProject
Project("{FAE04EC0-301F-11D3-BF4B-00C04F79EFBC}") = "Models", "Models\Models.csproj", "{5F5F290E-0EE4-4393-8C4D-5D8B8432CF9F}"
EndProject
Project("{FAE04EC0-301F-11D3-BF4B-00C04F79EFBC}") = "Contracts", "Contracts\Contracts.csproj", "{C2F1B65F-9EA0-4615-96F4-56E3D6BCF32B}"
EndProject
Project("{FAE04EC0-301F-11D3-BF4B-00C04F79EFBC}") = "SecTester", "SecTester\SecTester.csproj", "{33A44E98-CFAB-4CDF-BB42-165206CDC14B}"
EndProject
Global
	GlobalSection(SolutionConfigurationPlatforms) = preSolution
		Debug|Any CPU = Debug|Any CPU
		Release|Any CPU = Release|Any CPU
	EndGlobalSection
	GlobalSection(ProjectConfigurationPlatforms) = postSolution
		{25A9EB37-5983-4065-A5F2-1A538B20F6E0}.Debug|Any CPU.ActiveCfg = Debug|Any CPU
		{25A9EB37-5983-4065-A5F2-1A538B20F6E0}.Debug|Any CPU.Build.0 = Debug|Any CPU
		{25A9EB37-5983-4065-A5F2-1A538B20F6E0}.Release|Any CPU.ActiveCfg = Release|Any CPU
		{25A9EB37-5983-4065-A5F2-1A538B20F6E0}.Release|Any CPU.Build.0 = Release|Any CPU
		{92D41149-4682-4A19-850F-053A64A82D53}.Debug|Any CPU.ActiveCfg = Debug|Any CPU
		{92D41149-4682-4A19-850F-053A64A82D53}.Debug|Any CPU.Build.0 = Debug|Any CPU
		{92D41149-4682-4A19-850F-053A64A82D53}.Debug|Any CPU.Deploy.0 = Debug|Any CPU
		{92D41149-4682-4A19-850F-053A64A82D53}.Release|Any CPU.ActiveCfg = Release|Any CPU
		{92D41149-4682-4A19-850F-053A64A82D53}.Release|Any CPU.Build.0 = Release|Any CPU
		{92D41149-4682-4A19-850F-053A64A82D53}.Release|Any CPU.Deploy.0 = Release|Any CPU
		{400C12F0-9B76-43C0-BBBE-EB0A54005489}.Debug|Any CPU.ActiveCfg = Debug|Any CPU
		{400C12F0-9B76-43C0-BBBE-EB0A54005489}.Debug|Any CPU.Build.0 = Debug|Any CPU
		{400C12F0-9B76-43C0-BBBE-EB0A54005489}.Release|Any CPU.ActiveCfg = Release|Any CPU
		{400C12F0-9B76-43C0-BBBE-EB0A54005489}.Release|Any CPU.Build.0 = Release|Any CPU
		{83AB27F6-4858-42C3-B31D-1164F0142DD5}.Debug|Any CPU.ActiveCfg = Debug|Any CPU
		{83AB27F6-4858-42C3-B31D-1164F0142DD5}.Debug|Any CPU.Build.0 = Debug|Any CPU
		{83AB27F6-4858-42C3-B31D-1164F0142DD5}.Release|Any CPU.ActiveCfg = Release|Any CPU
		{83AB27F6-4858-42C3-B31D-1164F0142DD5}.Release|Any CPU.Build.0 = Release|Any CPU
		{5F5F290E-0EE4-4393-8C4D-5D8B8432CF9F}.Debug|Any CPU.ActiveCfg = Debug|Any CPU
		{5F5F290E-0EE4-4393-8C4D-5D8B8432CF9F}.Debug|Any CPU.Build.0 = Debug|Any CPU
		{5F5F290E-0EE4-4393-8C4D-5D8B8432CF9F}.Release|Any CPU.ActiveCfg = Release|Any CPU
		{5F5F290E-0EE4-4393-8C4D-5D8B8432CF9F}.Release|Any CPU.Build.0 = Release|Any CPU
		{C2F1B65F-9EA0-4615-96F4-56E3D6BCF32B}.Debug|Any CPU.ActiveCfg = Debug|Any CPU
		{C2F1B65F-9EA0-4615-96F4-56E3D6BCF32B}.Debug|Any CPU.Build.0 = Debug|Any CPU
		{C2F1B65F-9EA0-4615-96F4-56E3D6BCF32B}.Release|Any CPU.ActiveCfg = Release|Any CPU
		{C2F1B65F-9EA0-4615-96F4-56E3D6BCF32B}.Release|Any CPU.Build.0 = Release|Any CPU
		{33A44E98-CFAB-4CDF-BB42-165206CDC14B}.Debug|Any CPU.ActiveCfg = Debug|Any CPU
		{33A44E98-CFAB-4CDF-BB42-165206CDC14B}.Debug|Any CPU.Build.0 = Debug|Any CPU
		{33A44E98-CFAB-4CDF-BB42-165206CDC14B}.Release|Any CPU.ActiveCfg = Release|Any CPU
		{33A44E98-CFAB-4CDF-BB42-165206CDC14B}.Release|Any CPU.Build.0 = Release|Any CPU
	EndGlobalSection
	GlobalSection(SolutionProperties) = preSolution
		HideSolutionNode = FALSE
	EndGlobalSection
EndGlobal
